
Microsoft Visual Studio Solution File, Format Version 12.00
# Visual Studio Version 17
VisualStudioVersion = 17.3.32929.385
MinimumVisualStudioVersion = 10.0.40219.1
Project("{8BC9CEB8-8B4A-11D0-8D11-00A0C91BC942}") = "dargh", "dargh.vcxproj", "{DEB9CD1F-8035-4C1B-A871-406E513C46A2}"
EndProject
Global
	GlobalSection(SolutionConfigurationPlatforms) = preSolution
		Debug|x64 = Debug|x64
		Release|x64 = Release|x64
	EndGlobalSection
	GlobalSection(ProjectConfigurationPlatforms) = postSolution
		{DEB9CD1F-8035-4C1B-A871-406E513C46A2}.Debug|x64.ActiveCfg = Debug|x64
		{DEB9CD1F-8035-4C1B-A871-406E513C46A2}.Debug|x64.Build.0 = Debug|x64
		{DEB9CD1F-8035-4C1B-A871-406E513C46A2}.Release|x64.ActiveCfg = Release|x64
		{DEB9CD1F-8035-4C1B-A871-406E513C46A2}.Release|x64.Build.0 = Release|x64
	EndGlobalSection
	GlobalSection(SolutionProperties) = preSolution
		HideSolutionNode = FALSE
	EndGlobalSection
	GlobalSection(ExtensibilityGlobals) = postSolution
		SolutionGuid = {C4B29604-9768-4D02-9081-862BA27A43A6}
	EndGlobalSection
EndGlobal
